
Microsoft Visual Studio Solution File, Format Version 12.00
# Visual Studio Version 17
VisualStudioVersion = 17.14.36414.22 d17.14
MinimumVisualStudioVersion = 10.0.40219.1
Project("{FAE04EC0-301F-11D3-BF4B-00C04F79EFBC}") = "Project_&_Task_Management_Backend", "Project_&_Task_Management_Backend\Project_&_Task_Management_Backend.csproj", "{73DD46D3-5017-4932-9CDD-DBE25207FC62}"
EndProject
Global
	GlobalSection(SolutionConfigurationPlatforms) = preSolution
		Debug|Any CPU = Debug|Any CPU
		Release|Any CPU = Release|Any CPU
	EndGlobalSection
	GlobalSection(ProjectConfigurationPlatforms) = postSolution
		{73DD46D3-5017-4932-9CDD-DBE25207FC62}.Debug|Any CPU.ActiveCfg = Debug|Any CPU
		{73DD46D3-5017-4932-9CDD-DBE25207FC62}.Debug|Any CPU.Build.0 = Debug|Any CPU
		{73DD46D3-5017-4932-9CDD-DBE25207FC62}.Release|Any CPU.ActiveCfg = Release|Any CPU
		{73DD46D3-5017-4932-9CDD-DBE25207FC62}.Release|Any CPU.Build.0 = Release|Any CPU
	EndGlobalSection
	GlobalSection(SolutionProperties) = preSolution
		HideSolutionNode = FALSE
	EndGlobalSection
	GlobalSection(ExtensibilityGlobals) = postSolution
		SolutionGuid = {06309E3B-A835-4B51-ACB1-5491BA2CD998}
	EndGlobalSection
EndGlobal
